<?xml version="1.0" encoding="utf-8"?>
<Project ToolsVersion="4.0" xmlns="http://schemas.microsoft.com/developer/msbuild/2003">
  <ItemGroup>
    <Filter Include="Source Files">
      <UniqueIdentifier>{4FC737F1-C7A5-4376-A066-2A32D752A2FF}</UniqueIdentifier>
      <Extensions>cpp;c;cc;cxx;def;odl;idl;hpj;bat;asm;asmx</Extensions>
    </Filter>
    <Filter Include="Header Files">
      <UniqueIdentifier>{93995380-89BD-4b04-88EB-625FBE52EBFB}</UniqueIdentifier>
      <Extensions>h;hh;hpp;hxx;hm;inl;inc;xsd</Extensions>
    </Filter>
    <Filter Include="Header Files\basics">
      <UniqueIdentifier>{326d1623-f9a4-4f22-a9ec-b7a0bf1c42fe}</UniqueIdentifier>
    </Filter>
    <Filter Include="Header Files\tests">
      <UniqueIdentifier>{8bdcb36a-d214-4820-a1e5-9ea4eaca5c2a}</UniqueIdentifier>
    </Filter>
  </ItemGroup>
  <ItemGroup>
    <ClInclude Include="max.hpp">
      <Filter>Header Files\basics</Filter>
    </ClInclude>
    <ClInclude Include="factorial.hpp">
      <Filter>Header Files\basics</Filter>
    </ClInclude>
    <ClInclude Include="bubbleSortTest.hpp">
      <Filter>Header Files\tests</Filter>
    </ClInclude>
    <ClInclude Include="pair.hpp">
      <Filter>Header Files\basics</Filter>
    </ClInclude>
    <ClInclude Include="array.hpp">
      <Filter>Header Files\basics</Filter>
    </ClInclude>
    <ClInclude Include="category.hpp">
      <Filter>Header Files\basics</Filter>
    </ClInclude>
    <ClInclude Include="categoryTest.hpp">
      <Filter>Header Files\tests</Filter>
    </ClInclude>
    <ClInclude Include="lrvalue.hpp">
      <Filter>Header Files\basics</Filter>
    </ClInclude>
    <ClInclude Include="lrvalueTest.hpp">
      <Filter>Header Files\tests</Filter>
    </ClInclude>
    <ClInclude Include="templatemetaTest.hpp">
      <Filter>Header Files\tests</Filter>
    </ClInclude>
    <ClInclude Include="fraction.hpp">
      <Filter>Header Files\basics</Filter>
    </ClInclude>
    <ClInclude Include="list.hpp">
      <Filter>Header Files\basics</Filter>
    </ClInclude>
  </ItemGroup>
  <ItemGroup>
    <ClCompile Include="bubbleSort.hpp">
      <Filter>Header Files\basics</Filter>
    </ClCompile>
    <ClCompile Include="main.cpp">
      <Filter>Source Files</Filter>
    </ClCompile>
  </ItemGroup>
</Project>